{
  "name": "github-actions-test",
  "lockfileVersion": 3,
  "requires": true,
  "packages": {
    "": {
      "dependencies": {
        "@webscraperio/api-client-nodejs": "^1.1.0"
      }
    },
    "node_modules/@webscraperio/api-client-nodejs": {
      "version": "1.1.0",
      "resolved": "https://registry.npmjs.org/@webscraperio/api-client-nodejs/-/api-client-nodejs-1.1.0.tgz",
      "integrity": "sha512-6owPuO4aPWEYTQ7u0Il5+5rKcwvJIuQrMeGI1m+WlXs3L+5GMkzB/bXM07fVK/kXFD0chtpMCU1uJGd6mgNCzg=="
    }
  }
}
